// !$*UTF8*$!
{
	archiveVersion = 1;
	classes = {
	};
	objectVersion = 46;
	objects = {

/* Begin PBXBuildFile section */
		AA5718A419DF1ADF0011CBC1 /* AppDelegate.swift in Sources */ = {isa = PBXBuildFile; fileRef = AA5718A319DF1ADF0011CBC1 /* AppDelegate.swift */; };
		AA5718A619DF1ADF0011CBC1 /* ViewController.swift in Sources */ = {isa = PBXBuildFile; fileRef = AA5718A519DF1ADF0011CBC1 /* ViewController.swift */; };
		AA5718A919DF1ADF0011CBC1 /* Main.storyboard in Resources */ = {isa = PBXBuildFile; fileRef = AA5718A719DF1ADF0011CBC1 /* Main.storyboard */; };
		AA5718AB19DF1ADF0011CBC1 /* Images.xcassets in Resources */ = {isa = PBXBuildFile; fileRef = AA5718AA19DF1ADF0011CBC1 /* Images.xcassets */; };
		AA5718AE19DF1ADF0011CBC1 /* LaunchScreen.xib in Resources */ = {isa = PBXBuildFile; fileRef = AA5718AC19DF1ADF0011CBC1 /* LaunchScreen.xib */; };
		AA5718BA19DF1ADF0011CBC1 /* StormyTests.swift in Sources */ = {isa = PBXBuildFile; fileRef = AA5718B919DF1ADF0011CBC1 /* StormyTests.swift */; };
		AAF236D419DF637B00E599C8 /* Current.swift in Sources */ = {isa = PBXBuildFile; fileRef = AAF236D319DF637B00E599C8 /* Current.swift */; };
/* End PBXBuildFile section */

/* Begin PBXContainerItemProxy section */
		AA5718B419DF1ADF0011CBC1 /* PBXContainerItemProxy */ = {
			isa = PBXContainerItemProxy;
			containerPortal = AA57189619DF1ADF0011CBC1 /* Project object */;
			proxyType = 1;
			remoteGlobalIDString = AA57189D19DF1ADF0011CBC1;
			remoteInfo = Stormy;
		};
/* End PBXContainerItemProxy section */

/* Begin PBXFileReference section */
		AA57189E19DF1ADF0011CBC1 /* Stormy.app */ = {isa = PBXFileReference; explicitFileType = wrapper.application; includeInIndex = 0; path = Stormy.app; sourceTree = BUILT_PRODUCTS_DIR; };
		AA5718A219DF1ADF0011CBC1 /* Info.plist */ = {isa = PBXFileReference; lastKnownFileType = text.plist.xml; path = Info.plist; sourceTree = "<group>"; };
		AA5718A319DF1ADF0011CBC1 /* AppDelegate.swift */ = {isa = PBXFileReference; lastKnownFileType = sourcecode.swift; path = AppDelegate.swift; sourceTree = "<group>"; };
		AA5718A519DF1ADF0011CBC1 /* ViewController.swift */ = {isa = PBXFileReference; lastKnownFileType = sourcecode.swift; path = ViewController.swift; sourceTree = "<group>"; };
		AA5718A819DF1ADF0011CBC1 /* Base */ = {isa = PBXFileReference; lastKnownFileType = file.storyboard; name = Base; path = Base.lproj/Main.storyboard; sourceTree = "<group>"; };
		AA5718AA19DF1ADF0011CBC1 /* Images.xcassets */ = {isa = PBXFileReference; lastKnownFileType = folder.assetcatalog; path = Images.xcassets; sourceTree = "<group>"; };
		AA5718AD19DF1ADF0011CBC1 /* Base */ = {isa = PBXFileReference; lastKnownFileType = file.xib; name = Base; path = Base.lproj/LaunchScreen.xib; sourceTree = "<group>"; };
		AA5718B319DF1ADF0011CBC1 /* StormyTests.xctest */ = {isa = PBXFileReference; explicitFileType = wrapper.cfbundle; includeInIndex = 0; path = StormyTests.xctest; sourceTree = BUILT_PRODUCTS_DIR; };
		AA5718B819DF1ADF0011CBC1 /* Info.plist */ = {isa = PBXFileReference; lastKnownFileType = text.plist.xml; path = Info.plist; sourceTree = "<group>"; };
		AA5718B919DF1ADF0011CBC1 /* StormyTests.swift */ = {isa = PBXFileReference; lastKnownFileType = sourcecode.swift; path = StormyTests.swift; sourceTree = "<group>"; };
		AAF236D319DF637B00E599C8 /* Current.swift */ = {isa = PBXFileReference; fileEncoding = 4; lastKnownFileType = sourcecode.swift; path = Current.swift; sourceTree = "<group>"; };
/* End PBXFileReference section */

/* Begin PBXFrameworksBuildPhase section */
		AA57189B19DF1ADF0011CBC1 /* Frameworks */ = {
			isa = PBXFrameworksBuildPhase;
			buildActionMask = 2147483647;
			files = (
			);
			runOnlyForDeploymentPostprocessing = 0;
		};
		AA5718B019DF1ADF0011CBC1 /* Frameworks */ = {
			isa = PBXFrameworksBuildPhase;
			buildActionMask = 2147483647;
			files = (
			);
			runOnlyForDeploymentPostprocessing = 0;
		};
/* End PBXFrameworksBuildPhase section */

/* Begin PBXGroup section */
		AA57189519DF1ADF0011CBC1 = {
			isa = PBXGroup;
			children = (
				AA5718A019DF1ADF0011CBC1 /* Stormy */,
				AA5718B619DF1ADF0011CBC1 /* StormyTests */,
				AA57189F19DF1ADF0011CBC1 /* Products */,
			);
			sourceTree = "<group>";
		};
		AA57189F19DF1ADF0011CBC1 /* Products */ = {
			isa = PBXGroup;
			children = (
				AA57189E19DF1ADF0011CBC1 /* Stormy.app */,
				AA5718B319DF1ADF0011CBC1 /* StormyTests.xctest */,
			);
			name = Products;
			sourceTree = "<group>";
		};
		AA5718A019DF1ADF0011CBC1 /* Stormy */ = {
			isa = PBXGroup;
			children = (
				AAF236D319DF637B00E599C8 /* Current.swift */,
				AA5718A319DF1ADF0011CBC1 /* AppDelegate.swift */,
				AA5718A519DF1ADF0011CBC1 /* ViewController.swift */,
				AA5718A719DF1ADF0011CBC1 /* Main.storyboard */,
				AA5718AA19DF1ADF0011CBC1 /* Images.xcassets */,
				AA5718AC19DF1ADF0011CBC1 /* LaunchScreen.xib */,
				AA5718A119DF1ADF0011CBC1 /* Supporting Files */,
			);
			path = Stormy;
			sourceTree = "<group>";
		};
		AA5718A119DF1ADF0011CBC1 /* Supporting Files */ = {
			isa = PBXGroup;
			children = (
				AA5718A219DF1ADF0011CBC1 /* Info.plist */,
			);
			name = "Supporting Files";
			sourceTree = "<group>";
		};
		AA5718B619DF1ADF0011CBC1 /* StormyTests */ = {
			isa = PBXGroup;
			children = (
				AA5718B919DF1ADF0011CBC1 /* StormyTests.swift */,
				AA5718B719DF1ADF0011CBC1 /* Supporting Files */,
			);
			path = StormyTests;
			sourceTree = "<group>";
		};
		AA5718B719DF1ADF0011CBC1 /* Supporting Files */ = {
			isa = PBXGroup;
			children = (
				AA5718B819DF1ADF0011CBC1 /* Info.plist */,
			);
			name = "Supporting Files";
			sourceTree = "<group>";
		};
/* End PBXGroup section */

/* Begin PBXNativeTarget section */
		AA57189D19DF1ADF0011CBC1 /* Stormy */ = {
			isa = PBXNativeTarget;
			buildConfigurationList = AA5718BD19DF1ADF0011CBC1 /* Build configuration list for PBXNativeTarget "Stormy" */;
			buildPhases = (
				AA57189A19DF1ADF0011CBC1 /* Sources */,
				AA57189B19DF1ADF0011CBC1 /* Frameworks */,
				AA57189C19DF1ADF0011CBC1 /* Resources */,
			);
			buildRules = (
			);
			dependencies = (
			);
			name = Stormy;
			productName = Stormy;
			productReference = AA57189E19DF1ADF0011CBC1 /* Stormy.app */;
			productType = "com.apple.product-type.application";
		};
		AA5718B219DF1ADF0011CBC1 /* StormyTests */ = {
			isa = PBXNativeTarget;
			buildConfigurationList = AA5718C019DF1ADF0011CBC1 /* Build configuration list for PBXNativeTarget "StormyTests" */;
			buildPhases = (
				AA5718AF19DF1ADF0011CBC1 /* Sources */,
				AA5718B019DF1ADF0011CBC1 /* Frameworks */,
				AA5718B119DF1ADF0011CBC1 /* Resources */,
			);
			buildRules = (
			);
			dependencies = (
				AA5718B519DF1ADF0011CBC1 /* PBXTargetDependency */,
			);
			name = StormyTests;
			productName = StormyTests;
			productReference = AA5718B319DF1ADF0011CBC1 /* StormyTests.xctest */;
			productType = "com.apple.product-type.bundle.unit-test";
		};
/* End PBXNativeTarget section */

/* Begin PBXProject section */
		AA57189619DF1ADF0011CBC1 /* Project object */ = {
			isa = PBXProject;
			attributes = {
				LastUpgradeCheck = 0600;
				ORGANIZATIONNAME = "IOBI Education Systems";
				TargetAttributes = {
					AA57189D19DF1ADF0011CBC1 = {
						CreatedOnToolsVersion = 6.0;
					};
					AA5718B219DF1ADF0011CBC1 = {
						CreatedOnToolsVersion = 6.0;
						TestTargetID = AA57189D19DF1ADF0011CBC1;
					};
				};
			};
			buildConfigurationList = AA57189919DF1ADF0011CBC1 /* Build configuration list for PBXProject "Stormy" */;
			compatibilityVersion = "Xcode 3.2";
			developmentRegion = English;
			hasScannedForEncodings = 0;
			knownRegions = (
				en,
				Base,
			);
			mainGroup = AA57189519DF1ADF0011CBC1;
			productRefGroup = AA57189F19DF1ADF0011CBC1 /* Products */;
			projectDirPath = "";
			projectRoot = "";
			targets = (
				AA57189D19DF1ADF0011CBC1 /* Stormy */,
				AA5718B219DF1ADF0011CBC1 /* StormyTests */,
			);
		};
/* End PBXProject section */

/* Begin PBXResourcesBuildPhase section */
		AA57189C19DF1ADF0011CBC1 /* Resources */ = {
			isa = PBXResourcesBuildPhase;
			buildActionMask = 2147483647;
			files = (
				AA5718A919DF1ADF0011CBC1 /* Main.storyboard in Resources */,
				AA5718AE19DF1ADF0011CBC1 /* LaunchScreen.xib in Resources */,
				AA5718AB19DF1ADF0011CBC1 /* Images.xcassets in Resources */,
			);
			runOnlyForDeploymentPostprocessing = 0;
		};
		AA5718B119DF1ADF0011CBC1 /* Resources */ = {
			isa = PBXResourcesBuildPhase;
			buildActionMask = 2147483647;
			files = (
			);
			runOnlyForDeploymentPostprocessing = 0;
		};
/* End PBXResourcesBuildPhase section */

/* Begin PBXSourcesBuildPhase section */
		AA57189A19DF1ADF0011CBC1 /* Sources */ = {
			isa = PBXSourcesBuildPhase;
			buildActionMask = 2147483647;
			files = (
				AAF236D419DF637B00E599C8 /* Current.swift in Sources */,
				AA5718A619DF1ADF0011CBC1 /* ViewController.swift in Sources */,
				AA5718A419DF1ADF0011CBC1 /* AppDelegate.swift in Sources */,
			);
			runOnlyForDeploymentPostprocessing = 0;
		};
		AA5718AF19DF1ADF0011CBC1 /* Sources */ = {
			isa = PBXSourcesBuildPhase;
			buildActionMask = 2147483647;
			files = (
				AA5718BA19DF1ADF0011CBC1 /* StormyTests.swift in Sources */,
			);
			runOnlyForDeploymentPostprocessing = 0;
		};
/* End PBXSourcesBuildPhase section */

/* Begin PBXTargetDependency section */
		AA5718B519DF1ADF0011CBC1 /* PBXTargetDependency */ = {
			isa = PBXTargetDependency;
			target = AA57189D19DF1ADF0011CBC1 /* Stormy */;
			targetProxy = AA5718B419DF1ADF0011CBC1 /* PBXContainerItemProxy */;
		};
/* End PBXTargetDependency section */

/* Begin PBXVariantGroup section */
		AA5718A719DF1ADF0011CBC1 /* Main.storyboard */ = {
			isa = PBXVariantGroup;
			children = (
				AA5718A819DF1ADF0011CBC1 /* Base */,
			);
			name = Main.storyboard;
			sourceTree = "<group>";
		};
		AA5718AC19DF1ADF0011CBC1 /* LaunchScreen.xib */ = {
			isa = PBXVariantGroup;
			children = (
				AA5718AD19DF1ADF0011CBC1 /* Base */,
			);
			name = LaunchScreen.xib;
			sourceTree = "<group>";
		};
/* End PBXVariantGroup section */

/* Begin XCBuildConfiguration section */
		AA5718BB19DF1ADF0011CBC1 /* Debug */ = {
			isa = XCBuildConfiguration;
			buildSettings = {
				ALWAYS_SEARCH_USER_PATHS = NO;
				CLANG_CXX_LANGUAGE_STANDARD = "gnu++0x";
				CLANG_CXX_LIBRARY = "libc++";
				CLANG_ENABLE_MODULES = YES;
				CLANG_ENABLE_OBJC_ARC = YES;
				CLANG_WARN_BOOL_CONVERSION = YES;
				CLANG_WARN_CONSTANT_CONVERSION = YES;
				CLANG_WARN_DIRECT_OBJC_ISA_USAGE = YES_ERROR;
				CLANG_WARN_EMPTY_BODY = YES;
				CLANG_WARN_ENUM_CONVERSION = YES;
				CLANG_WARN_INT_CONVERSION = YES;
				CLANG_WARN_OBJC_ROOT_CLASS = YES_ERROR;
				CLANG_WARN_UNREACHABLE_CODE = YES;
				CLANG_WARN__DUPLICATE_METHOD_MATCH = YES;
				"CODE_SIGN_IDENTITY[sdk=iphoneos*]" = "iPhone Developer";
				COPY_PHASE_STRIP = NO;
				ENABLE_STRICT_OBJC_MSGSEND = YES;
				GCC_C_LANGUAGE_STANDARD = gnu99;
				GCC_DYNAMIC_NO_PIC = NO;
				GCC_OPTIMIZATION_LEVEL = 0;
				GCC_PREPROCESSOR_DEFINITIONS = (
					"DEBUG=1",
					"$(inherited)",
				);
				GCC_SYMBOLS_PRIVATE_EXTERN = NO;
				GCC_WARN_64_TO_32_BIT_CONVERSION = YES;
				GCC_WARN_ABOUT_RETURN_TYPE = YES_ERROR;
				GCC_WARN_UNDECLARED_SELECTOR = YES;
				GCC_WARN_UNINITIALIZED_AUTOS = YES_AGGRESSIVE;
				GCC_WARN_UNUSED_FUNCTION = YES;
				GCC_WARN_UNUSED_VARIABLE = YES;
				IPHONEOS_DEPLOYMENT_TARGET = 8.0;
				MTL_ENABLE_DEBUG_INFO = YES;
				ONLY_ACTIVE_ARCH = YES;
				SDKROOT = iphoneos;
				SWIFT_OPTIMIZATION_LEVEL = "-Onone";
			};
			name = Debug;
		};
		AA5718BC19DF1ADF0011CBC1 /* Release */ = {
			isa = XCBuildConfiguration;
			buildSettings = {
				ALWAYS_SEARCH_USER_PATHS = NO;
				CLANG_CXX_LANGUAGE_STANDARD = "gnu++0x";
				CLANG_CXX_LIBRARY = "libc++";
				CLANG_ENABLE_MODULES = YES;
				CLANG_ENABLE_OBJC_ARC = YES;
				CLANG_WARN_BOOL_CONVERSION = YES;
				CLANG_WARN_CONSTANT_CONVERSION = YES;
				CLANG_WARN_DIRECT_OBJC_ISA_USAGE = YES_ERROR;
				CLANG_WARN_EMPTY_BODY = YES;
				CLANG_WARN_ENUM_CONVERSION = YES;
				CLANG_WARN_INT_CONVERSION = YES;
				CLANG_WARN_OBJC_ROOT_CLASS = YES_ERROR;
				CLANG_WARN_UNREACHABLE_CODE = YES;
				CLANG_WARN__DUPLICATE_METHOD_MATCH = YES;
				"CODE_SIGN_IDENTITY[sdk=iphoneos*]" = "iPhone Developer";
				COPY_PHASE_STRIP = YES;
				ENABLE_NS_ASSERTIONS = NO;
				ENABLE_STRICT_OBJC_MSGSEND = YES;
				GCC_C_LANGUAGE_STANDARD = gnu99;
				GCC_WARN_64_TO_32_BIT_CONVERSION = YES;
				GCC_WARN_ABOUT_RETURN_TYPE = YES_ERROR;
				GCC_WARN_UNDECLARED_SELECTOR = YES;
				GCC_WARN_UNINITIALIZED_AUTOS = YES_AGGRESSIVE;
				GCC_WARN_UNUSED_FUNCTION = YES;
				GCC_WARN_UNUSED_VARIABLE = YES;
				IPHONEOS_DEPLOYMENT_TARGET = 8.0;
				MTL_ENABLE_DEBUG_INFO = NO;
				SDKROOT = iphoneos;
				VALIDATE_PRODUCT = YES;
			};
			name = Release;
		};
		AA5718BE19DF1ADF0011CBC1 /* Debug */ = {
			isa = XCBuildConfiguration;
			buildSettings = {
				ASSETCATALOG_COMPILER_APPICON_NAME = AppIcon;
				INFOPLIST_FILE = Stormy/Info.plist;
				LD_RUNPATH_SEARCH_PATHS = "$(inherited) @executable_path/Frameworks";
				PRODUCT_NAME = "$(TARGET_NAME)";
			};
			name = Debug;
		};
		AA5718BF19DF1ADF0011CBC1 /* Release */ = {
			isa = XCBuildConfiguration;
			buildSettings = {
				ASSETCATALOG_COMPILER_APPICON_NAME = AppIcon;
				INFOPLIST_FILE = Stormy/Info.plist;
				LD_RUNPATH_SEARCH_PATHS = "$(inherited) @executable_path/Frameworks";
				PRODUCT_NAME = "$(TARGET_NAME)";
			};
			name = Release;
		};
		AA5718C119DF1ADF0011CBC1 /* Debug */ = {
			isa = XCBuildConfiguration;
			buildSettings = {
				BUNDLE_LOADER = "$(TEST_HOST)";
				FRAMEWORK_SEARCH_PATHS = (
					"$(SDKROOT)/Developer/Library/Frameworks",
					"$(inherited)",
				);
				GCC_PREPROCESSOR_DEFINITIONS = (
					"DEBUG=1",
					"$(inherited)",
				);
				INFOPLIST_FILE = StormyTests/Info.plist;
				LD_RUNPATH_SEARCH_PATHS = "$(inherited) @executable_path/Frameworks @loader_path/Frameworks";
				PRODUCT_NAME = "$(TARGET_NAME)";
				TEST_HOST = "$(BUILT_PRODUCTS_DIR)/Stormy.app/Stormy";
			};
			name = Debug;
		};
		AA5718C219DF1ADF0011CBC1 /* Release */ = {
			isa = XCBuildConfiguration;
			buildSettings = {
				BUNDLE_LOADER = "$(TEST_HOST)";
				FRAMEWORK_SEARCH_PATHS = (
					"$(SDKROOT)/Developer/Library/Frameworks",
					"$(inherited)",
				);
				INFOPLIST_FILE = StormyTests/Info.plist;
				LD_RUNPATH_SEARCH_PATHS = "$(inherited) @executable_path/Frameworks @loader_path/Frameworks";
				PRODUCT_NAME = "$(TARGET_NAME)";
				TEST_HOST = "$(BUILT_PRODUCTS_DIR)/Stormy.app/Stormy";
			};
			name = Release;
		};
/* End XCBuildConfiguration section */

/* Begin XCConfigurationList section */
		AA57189919DF1ADF0011CBC1 /* Build configuration list for PBXProject "Stormy" */ = {
			isa = XCConfigurationList;
			buildConfigurations = (
				AA5718BB19DF1ADF0011CBC1 /* Debug */,
				AA5718BC19DF1ADF0011CBC1 /* Release */,
			);
			defaultConfigurationIsVisible = 0;
			defaultConfigurationName = Release;
		};
		AA5718BD19DF1ADF0011CBC1 /* Build configuration list for PBXNativeTarget "Stormy" */ = {
			isa = XCConfigurationList;
			buildConfigurations = (
				AA5718BE19DF1ADF0011CBC1 /* Debug */,
				AA5718BF19DF1ADF0011CBC1 /* Release */,
			);
			defaultConfigurationIsVisible = 0;
			defaultConfigurationName = Release;
		};
		AA5718C019DF1ADF0011CBC1 /* Build configuration list for PBXNativeTarget "StormyTests" */ = {
			isa = XCConfigurationList;
			buildConfigurations = (
				AA5718C119DF1ADF0011CBC1 /* Debug */,
				AA5718C219DF1ADF0011CBC1 /* Release */,
			);
			defaultConfigurationIsVisible = 0;
			defaultConfigurationName = Release;
		};
/* End XCConfigurationList section */
	};
	rootObject = AA57189619DF1ADF0011CBC1 /* Project object */;
}
